
Microsoft Visual Studio Solution File, Format Version 12.00
# Visual Studio Version 17
VisualStudioVersion = 17.0.31912.275
MinimumVisualStudioVersion = 10.0.40219.1
Project("{9A19103F-16F7-4668-BE54-9A1E7A4F7556}") = "CollectionManagerDll", "CollectionManagerDll\CollectionManagerDll.csproj", "{533AB47A-D1B5-45DB-A37E-F053FA3699C4}"
EndProject
Project("{9A19103F-16F7-4668-BE54-9A1E7A4F7556}") = "CollectionOSDBtoCSV", "CollectionOSDBtoCSV\CollectionOSDBtoCSV.csproj", "{30518F1B-C672-4067-8C55-8FCEC1E45FB9}"
EndProject
Global
	GlobalSection(SolutionConfigurationPlatforms) = preSolution
		Debug|Any CPU = Debug|Any CPU
		Release|Any CPU = Release|Any CPU
	EndGlobalSection
	GlobalSection(ProjectConfigurationPlatforms) = postSolution
		{533AB47A-D1B5-45DB-A37E-F053FA3699C4}.Debug|Any CPU.ActiveCfg = Debug|Any CPU
		{533AB47A-D1B5-45DB-A37E-F053FA3699C4}.Debug|Any CPU.Build.0 = Debug|Any CPU
		{533AB47A-D1B5-45DB-A37E-F053FA3699C4}.Release|Any CPU.ActiveCfg = Release|Any CPU
		{533AB47A-D1B5-45DB-A37E-F053FA3699C4}.Release|Any CPU.Build.0 = Release|Any CPU
		{30518F1B-C672-4067-8C55-8FCEC1E45FB9}.Debug|Any CPU.ActiveCfg = Debug|Any CPU
		{30518F1B-C672-4067-8C55-8FCEC1E45FB9}.Debug|Any CPU.Build.0 = Debug|Any CPU
		{30518F1B-C672-4067-8C55-8FCEC1E45FB9}.Release|Any CPU.ActiveCfg = Release|Any CPU
		{30518F1B-C672-4067-8C55-8FCEC1E45FB9}.Release|Any CPU.Build.0 = Release|Any CPU
	EndGlobalSection
	GlobalSection(SolutionProperties) = preSolution
		HideSolutionNode = FALSE
	EndGlobalSection
	GlobalSection(ExtensibilityGlobals) = postSolution
		SolutionGuid = {1AC1CE84-F9EB-4EC5-ADB1-0B8467C4BC12}
	EndGlobalSection
EndGlobal
